// !$*UTF8*$!
{
	archiveVersion = 1;
	classes = {
	};
	objectVersion = 56;
	objects = {

/* Begin PBXBuildFile section */
		52306DFF2C1728DF0014D243 /* AppDelegate.swift in Sources */ = {isa = PBXBuildFile; fileRef = 52306DFE2C1728DF0014D243 /* AppDelegate.swift */; };
		52306E012C1728DF0014D243 /* SceneDelegate.swift in Sources */ = {isa = PBXBuildFile; fileRef = 52306E002C1728DF0014D243 /* SceneDelegate.swift */; };
		52306E032C1728DF0014D243 /* ViewController.swift in Sources */ = {isa = PBXBuildFile; fileRef = 52306E022C1728DF0014D243 /* ViewController.swift */; };
		52306E062C1728DF0014D243 /* Main.storyboard in Resources */ = {isa = PBXBuildFile; fileRef = 52306E042C1728DF0014D243 /* Main.storyboard */; };
		52306E082C1728E70014D243 /* Assets.xcassets in Resources */ = {isa = PBXBuildFile; fileRef = 52306E072C1728E70014D243 /* Assets.xcassets */; };
		52306E0B2C1728E70014D243 /* LaunchScreen.storyboard in Resources */ = {isa = PBXBuildFile; fileRef = 52306E092C1728E70014D243 /* LaunchScreen.storyboard */; };
		52306E162C1728E80014D243 /* NotesAppTests.swift in Sources */ = {isa = PBXBuildFile; fileRef = 52306E152C1728E80014D243 /* NotesAppTests.swift */; };
		52306E202C1728E80014D243 /* NotesAppUITests.swift in Sources */ = {isa = PBXBuildFile; fileRef = 52306E1F2C1728E80014D243 /* NotesAppUITests.swift */; };
		52306E222C1728E80014D243 /* NotesAppUITestsLaunchTests.swift in Sources */ = {isa = PBXBuildFile; fileRef = 52306E212C1728E80014D243 /* NotesAppUITestsLaunchTests.swift */; };
		5252F5662C1850E40005A334 /* NotesListVC.swift in Sources */ = {isa = PBXBuildFile; fileRef = 5252F5652C1850E40005A334 /* NotesListVC.swift */; };
		5252F56C2C1851950005A334 /* EditNoteVC.swift in Sources */ = {isa = PBXBuildFile; fileRef = 5252F56B2C1851950005A334 /* EditNoteVC.swift */; };
		5252F56E2C18567D0005A334 /* NotesListCell.swift in Sources */ = {isa = PBXBuildFile; fileRef = 5252F56D2C18567D0005A334 /* NotesListCell.swift */; };
		5252F5722C1858A80005A334 /* Date+Extension.swift in Sources */ = {isa = PBXBuildFile; fileRef = 5252F5712C1858A80005A334 /* Date+Extension.swift */; };
		52C75B502C1B15F400A126F2 /* NotesApp.xcdatamodeld in Sources */ = {isa = PBXBuildFile; fileRef = 52C75B4E2C1B15F400A126F2 /* NotesApp.xcdatamodeld */; };
		52C75B532C1B16C300A126F2 /* Note+CoreDataClass.swift in Sources */ = {isa = PBXBuildFile; fileRef = 52C75B512C1B16C200A126F2 /* Note+CoreDataClass.swift */; };
		52C75B542C1B16C300A126F2 /* Note+CoreDataProperties.swift in Sources */ = {isa = PBXBuildFile; fileRef = 52C75B522C1B16C200A126F2 /* Note+CoreDataProperties.swift */; };
		52C75B562C1B189C00A126F2 /* CoreDataManager.swift in Sources */ = {isa = PBXBuildFile; fileRef = 52C75B552C1B189C00A126F2 /* CoreDataManager.swift */; };
/* End PBXBuildFile section */

/* Begin PBXContainerItemProxy section */
		52306E122C1728E80014D243 /* PBXContainerItemProxy */ = {
			isa = PBXContainerItemProxy;
			containerPortal = 52306DF32C1728DF0014D243 /* Project object */;
			proxyType = 1;
			remoteGlobalIDString = 52306DFA2C1728DF0014D243;
			remoteInfo = NotesApp;
		};
		52306E1C2C1728E80014D243 /* PBXContainerItemProxy */ = {
			isa = PBXContainerItemProxy;
			containerPortal = 52306DF32C1728DF0014D243 /* Project object */;
			proxyType = 1;
			remoteGlobalIDString = 52306DFA2C1728DF0014D243;
			remoteInfo = NotesApp;
		};
/* End PBXContainerItemProxy section */

/* Begin PBXFileReference section */
		52306DFB2C1728DF0014D243 /* NotesApp.app */ = {isa = PBXFileReference; explicitFileType = wrapper.application; includeInIndex = 0; path = NotesApp.app; sourceTree = BUILT_PRODUCTS_DIR; };
		52306DFE2C1728DF0014D243 /* AppDelegate.swift */ = {isa = PBXFileReference; lastKnownFileType = sourcecode.swift; path = AppDelegate.swift; sourceTree = "<group>"; };
		52306E002C1728DF0014D243 /* SceneDelegate.swift */ = {isa = PBXFileReference; lastKnownFileType = sourcecode.swift; path = SceneDelegate.swift; sourceTree = "<group>"; };
		52306E022C1728DF0014D243 /* ViewController.swift */ = {isa = PBXFileReference; lastKnownFileType = sourcecode.swift; path = ViewController.swift; sourceTree = "<group>"; };
		52306E052C1728DF0014D243 /* Base */ = {isa = PBXFileReference; lastKnownFileType = file.storyboard; name = Base; path = Base.lproj/Main.storyboard; sourceTree = "<group>"; };
		52306E072C1728E70014D243 /* Assets.xcassets */ = {isa = PBXFileReference; lastKnownFileType = folder.assetcatalog; path = Assets.xcassets; sourceTree = "<group>"; };
		52306E0A2C1728E70014D243 /* Base */ = {isa = PBXFileReference; lastKnownFileType = file.storyboard; name = Base; path = Base.lproj/LaunchScreen.storyboard; sourceTree = "<group>"; };
		52306E0C2C1728E70014D243 /* Info.plist */ = {isa = PBXFileReference; lastKnownFileType = text.plist.xml; path = Info.plist; sourceTree = "<group>"; };
		52306E112C1728E80014D243 /* NotesAppTests.xctest */ = {isa = PBXFileReference; explicitFileType = wrapper.cfbundle; includeInIndex = 0; path = NotesAppTests.xctest; sourceTree = BUILT_PRODUCTS_DIR; };
		52306E152C1728E80014D243 /* NotesAppTests.swift */ = {isa = PBXFileReference; lastKnownFileType = sourcecode.swift; path = NotesAppTests.swift; sourceTree = "<group>"; };
		52306E1B2C1728E80014D243 /* NotesAppUITests.xctest */ = {isa = PBXFileReference; explicitFileType = wrapper.cfbundle; includeInIndex = 0; path = NotesAppUITests.xctest; sourceTree = BUILT_PRODUCTS_DIR; };
		52306E1F2C1728E80014D243 /* NotesAppUITests.swift */ = {isa = PBXFileReference; lastKnownFileType = sourcecode.swift; path = NotesAppUITests.swift; sourceTree = "<group>"; };
		52306E212C1728E80014D243 /* NotesAppUITestsLaunchTests.swift */ = {isa = PBXFileReference; lastKnownFileType = sourcecode.swift; path = NotesAppUITestsLaunchTests.swift; sourceTree = "<group>"; };
		5252F5652C1850E40005A334 /* NotesListVC.swift */ = {isa = PBXFileReference; lastKnownFileType = sourcecode.swift; path = NotesListVC.swift; sourceTree = "<group>"; };
		5252F56B2C1851950005A334 /* EditNoteVC.swift */ = {isa = PBXFileReference; lastKnownFileType = sourcecode.swift; path = EditNoteVC.swift; sourceTree = "<group>"; };
		5252F56D2C18567D0005A334 /* NotesListCell.swift */ = {isa = PBXFileReference; lastKnownFileType = sourcecode.swift; path = NotesListCell.swift; sourceTree = "<group>"; };
		5252F5712C1858A80005A334 /* Date+Extension.swift */ = {isa = PBXFileReference; lastKnownFileType = sourcecode.swift; path = "Date+Extension.swift"; sourceTree = "<group>"; };
		52C75B4F2C1B15F400A126F2 /* NotesApp.xcdatamodel */ = {isa = PBXFileReference; lastKnownFileType = wrapper.xcdatamodel; path = NotesApp.xcdatamodel; sourceTree = "<group>"; };
		52C75B512C1B16C200A126F2 /* Note+CoreDataClass.swift */ = {isa = PBXFileReference; lastKnownFileType = sourcecode.swift; path = "Note+CoreDataClass.swift"; sourceTree = "<group>"; };
		52C75B522C1B16C200A126F2 /* Note+CoreDataProperties.swift */ = {isa = PBXFileReference; lastKnownFileType = sourcecode.swift; path = "Note+CoreDataProperties.swift"; sourceTree = "<group>"; };
		52C75B552C1B189C00A126F2 /* CoreDataManager.swift */ = {isa = PBXFileReference; lastKnownFileType = sourcecode.swift; path = CoreDataManager.swift; sourceTree = "<group>"; };
/* End PBXFileReference section */

/* Begin PBXFrameworksBuildPhase section */
		52306DF82C1728DF0014D243 /* Frameworks */ = {
			isa = PBXFrameworksBuildPhase;
			buildActionMask = 2147483647;
			files = (
			);
			runOnlyForDeploymentPostprocessing = 0;
		};
		52306E0E2C1728E80014D243 /* Frameworks */ = {
			isa = PBXFrameworksBuildPhase;
			buildActionMask = 2147483647;
			files = (
			);
			runOnlyForDeploymentPostprocessing = 0;
		};
		52306E182C1728E80014D243 /* Frameworks */ = {
			isa = PBXFrameworksBuildPhase;
			buildActionMask = 2147483647;
			files = (
			);
			runOnlyForDeploymentPostprocessing = 0;
		};
/* End PBXFrameworksBuildPhase section */

/* Begin PBXGroup section */
		52306DF22C1728DF0014D243 = {
			isa = PBXGroup;
			children = (
				52306DFD2C1728DF0014D243 /* NotesApp */,
				52306E142C1728E80014D243 /* NotesAppTests */,
				52306E1E2C1728E80014D243 /* NotesAppUITests */,
				52306DFC2C1728DF0014D243 /* Products */,
			);
			sourceTree = "<group>";
		};
		52306DFC2C1728DF0014D243 /* Products */ = {
			isa = PBXGroup;
			children = (
				52306DFB2C1728DF0014D243 /* NotesApp.app */,
				52306E112C1728E80014D243 /* NotesAppTests.xctest */,
				52306E1B2C1728E80014D243 /* NotesAppUITests.xctest */,
			);
			name = Products;
			sourceTree = "<group>";
		};
		52306DFD2C1728DF0014D243 /* NotesApp */ = {
			isa = PBXGroup;
			children = (
				52C75B4D2C1B15D100A126F2 /* CoreData */,
				5252F5672C1850EB0005A334 /* Application */,
				5252F56A2C1851330005A334 /* Extensions */,
				5252F5682C1850FB0005A334 /* Models */,
				5252F5692C1851070005A334 /* Views */,
				5252F5642C1850C10005A334 /* Controllers */,
				52306E042C1728DF0014D243 /* Main.storyboard */,
				52306E072C1728E70014D243 /* Assets.xcassets */,
				52306E092C1728E70014D243 /* LaunchScreen.storyboard */,
				52306E0C2C1728E70014D243 /* Info.plist */,
			);
			path = NotesApp;
			sourceTree = "<group>";
		};
		52306E142C1728E80014D243 /* NotesAppTests */ = {
			isa = PBXGroup;
			children = (
				52306E152C1728E80014D243 /* NotesAppTests.swift */,
			);
			path = NotesAppTests;
			sourceTree = "<group>";
		};
		52306E1E2C1728E80014D243 /* NotesAppUITests */ = {
			isa = PBXGroup;
			children = (
				52306E1F2C1728E80014D243 /* NotesAppUITests.swift */,
				52306E212C1728E80014D243 /* NotesAppUITestsLaunchTests.swift */,
			);
			path = NotesAppUITests;
			sourceTree = "<group>";
		};
		5252F5642C1850C10005A334 /* Controllers */ = {
			isa = PBXGroup;
			children = (
				52306E022C1728DF0014D243 /* ViewController.swift */,
				5252F5652C1850E40005A334 /* NotesListVC.swift */,
				5252F56B2C1851950005A334 /* EditNoteVC.swift */,
			);
			path = Controllers;
			sourceTree = "<group>";
		};
		5252F5672C1850EB0005A334 /* Application */ = {
			isa = PBXGroup;
			children = (
				52306DFE2C1728DF0014D243 /* AppDelegate.swift */,
				52306E002C1728DF0014D243 /* SceneDelegate.swift */,
			);
			path = Application;
			sourceTree = "<group>";
		};
		5252F5682C1850FB0005A334 /* Models */ = {
			isa = PBXGroup;
			children = (
				52C75B512C1B16C200A126F2 /* Note+CoreDataClass.swift */,
				52C75B522C1B16C200A126F2 /* Note+CoreDataProperties.swift */,
			);
			path = Models;
			sourceTree = "<group>";
		};
		5252F5692C1851070005A334 /* Views */ = {
			isa = PBXGroup;
			children = (
				5252F56D2C18567D0005A334 /* NotesListCell.swift */,
			);
			path = Views;
			sourceTree = "<group>";
		};
		5252F56A2C1851330005A334 /* Extensions */ = {
			isa = PBXGroup;
			children = (
				5252F5712C1858A80005A334 /* Date+Extension.swift */,
			);
			path = Extensions;
			sourceTree = "<group>";
		};
		52C75B4D2C1B15D100A126F2 /* CoreData */ = {
			isa = PBXGroup;
			children = (
				52C75B4E2C1B15F400A126F2 /* NotesApp.xcdatamodeld */,
				52C75B552C1B189C00A126F2 /* CoreDataManager.swift */,
			);
			path = CoreData;
			sourceTree = "<group>";
		};
/* End PBXGroup section */

/* Begin PBXNativeTarget section */
		52306DFA2C1728DF0014D243 /* NotesApp */ = {
			isa = PBXNativeTarget;
			buildConfigurationList = 52306E252C1728E80014D243 /* Build configuration list for PBXNativeTarget "NotesApp" */;
			buildPhases = (
				52306DF72C1728DF0014D243 /* Sources */,
				52306DF82C1728DF0014D243 /* Frameworks */,
				52306DF92C1728DF0014D243 /* Resources */,
			);
			buildRules = (
			);
			dependencies = (
			);
			name = NotesApp;
			productName = NotesApp;
			productReference = 52306DFB2C1728DF0014D243 /* NotesApp.app */;
			productType = "com.apple.product-type.application";
		};
		52306E102C1728E80014D243 /* NotesAppTests */ = {
			isa = PBXNativeTarget;
			buildConfigurationList = 52306E282C1728E80014D243 /* Build configuration list for PBXNativeTarget "NotesAppTests" */;
			buildPhases = (
				52306E0D2C1728E80014D243 /* Sources */,
				52306E0E2C1728E80014D243 /* Frameworks */,
				52306E0F2C1728E80014D243 /* Resources */,
			);
			buildRules = (
			);
			dependencies = (
				52306E132C1728E80014D243 /* PBXTargetDependency */,
			);
			name = NotesAppTests;
			productName = NotesAppTests;
			productReference = 52306E112C1728E80014D243 /* NotesAppTests.xctest */;
			productType = "com.apple.product-type.bundle.unit-test";
		};
		52306E1A2C1728E80014D243 /* NotesAppUITests */ = {
			isa = PBXNativeTarget;
			buildConfigurationList = 52306E2B2C1728E80014D243 /* Build configuration list for PBXNativeTarget "NotesAppUITests" */;
			buildPhases = (
				52306E172C1728E80014D243 /* Sources */,
				52306E182C1728E80014D243 /* Frameworks */,
				52306E192C1728E80014D243 /* Resources */,
			);
			buildRules = (
			);
			dependencies = (
				52306E1D2C1728E80014D243 /* PBXTargetDependency */,
			);
			name = NotesAppUITests;
			productName = NotesAppUITests;
			productReference = 52306E1B2C1728E80014D243 /* NotesAppUITests.xctest */;
			productType = "com.apple.product-type.bundle.ui-testing";
		};
/* End PBXNativeTarget section */

/* Begin PBXProject section */
		52306DF32C1728DF0014D243 /* Project object */ = {
			isa = PBXProject;
			attributes = {
				BuildIndependentTargetsInParallel = 1;
				LastSwiftUpdateCheck = 1420;
				LastUpgradeCheck = 1420;
				TargetAttributes = {
					52306DFA2C1728DF0014D243 = {
						CreatedOnToolsVersion = 14.2;
					};
					52306E102C1728E80014D243 = {
						CreatedOnToolsVersion = 14.2;
						TestTargetID = 52306DFA2C1728DF0014D243;
					};
					52306E1A2C1728E80014D243 = {
						CreatedOnToolsVersion = 14.2;
						TestTargetID = 52306DFA2C1728DF0014D243;
					};
				};
			};
			buildConfigurationList = 52306DF62C1728DF0014D243 /* Build configuration list for PBXProject "NotesApp" */;
			compatibilityVersion = "Xcode 14.0";
			developmentRegion = en;
			hasScannedForEncodings = 0;
			knownRegions = (
				en,
				Base,
			);
			mainGroup = 52306DF22C1728DF0014D243;
			productRefGroup = 52306DFC2C1728DF0014D243 /* Products */;
			projectDirPath = "";
			projectRoot = "";
			targets = (
				52306DFA2C1728DF0014D243 /* NotesApp */,
				52306E102C1728E80014D243 /* NotesAppTests */,
				52306E1A2C1728E80014D243 /* NotesAppUITests */,
			);
		};
/* End PBXProject section */

/* Begin PBXResourcesBuildPhase section */
		52306DF92C1728DF0014D243 /* Resources */ = {
			isa = PBXResourcesBuildPhase;
			buildActionMask = 2147483647;
			files = (
				52306E0B2C1728E70014D243 /* LaunchScreen.storyboard in Resources */,
				52306E082C1728E70014D243 /* Assets.xcassets in Resources */,
				52306E062C1728DF0014D243 /* Main.storyboard in Resources */,
			);
			runOnlyForDeploymentPostprocessing = 0;
		};
		52306E0F2C1728E80014D243 /* Resources */ = {
			isa = PBXResourcesBuildPhase;
			buildActionMask = 2147483647;
			files = (
			);
			runOnlyForDeploymentPostprocessing = 0;
		};
		52306E192C1728E80014D243 /* Resources */ = {
			isa = PBXResourcesBuildPhase;
			buildActionMask = 2147483647;
			files = (
			);
			runOnlyForDeploymentPostprocessing = 0;
		};
/* End PBXResourcesBuildPhase section */

/* Begin PBXSourcesBuildPhase section */
		52306DF72C1728DF0014D243 /* Sources */ = {
			isa = PBXSourcesBuildPhase;
			buildActionMask = 2147483647;
			files = (
				52C75B542C1B16C300A126F2 /* Note+CoreDataProperties.swift in Sources */,
				52306E032C1728DF0014D243 /* ViewController.swift in Sources */,
				5252F56E2C18567D0005A334 /* NotesListCell.swift in Sources */,
				52306DFF2C1728DF0014D243 /* AppDelegate.swift in Sources */,
				5252F5662C1850E40005A334 /* NotesListVC.swift in Sources */,
				52C75B562C1B189C00A126F2 /* CoreDataManager.swift in Sources */,
				5252F5722C1858A80005A334 /* Date+Extension.swift in Sources */,
				52C75B502C1B15F400A126F2 /* NotesApp.xcdatamodeld in Sources */,
				52C75B532C1B16C300A126F2 /* Note+CoreDataClass.swift in Sources */,
				5252F56C2C1851950005A334 /* EditNoteVC.swift in Sources */,
				52306E012C1728DF0014D243 /* SceneDelegate.swift in Sources */,
			);
			runOnlyForDeploymentPostprocessing = 0;
		};
		52306E0D2C1728E80014D243 /* Sources */ = {
			isa = PBXSourcesBuildPhase;
			buildActionMask = 2147483647;
			files = (
				52306E162C1728E80014D243 /* NotesAppTests.swift in Sources */,
			);
			runOnlyForDeploymentPostprocessing = 0;
		};
		52306E172C1728E80014D243 /* Sources */ = {
			isa = PBXSourcesBuildPhase;
			buildActionMask = 2147483647;
			files = (
				52306E222C1728E80014D243 /* NotesAppUITestsLaunchTests.swift in Sources */,
				52306E202C1728E80014D243 /* NotesAppUITests.swift in Sources */,
			);
			runOnlyForDeploymentPostprocessing = 0;
		};
/* End PBXSourcesBuildPhase section */

/* Begin PBXTargetDependency section */
		52306E132C1728E80014D243 /* PBXTargetDependency */ = {
			isa = PBXTargetDependency;
			target = 52306DFA2C1728DF0014D243 /* NotesApp */;
			targetProxy = 52306E122C1728E80014D243 /* PBXContainerItemProxy */;
		};
		52306E1D2C1728E80014D243 /* PBXTargetDependency */ = {
			isa = PBXTargetDependency;
			target = 52306DFA2C1728DF0014D243 /* NotesApp */;
			targetProxy = 52306E1C2C1728E80014D243 /* PBXContainerItemProxy */;
		};
/* End PBXTargetDependency section */

/* Begin PBXVariantGroup section */
		52306E042C1728DF0014D243 /* Main.storyboard */ = {
			isa = PBXVariantGroup;
			children = (
				52306E052C1728DF0014D243 /* Base */,
			);
			name = Main.storyboard;
			sourceTree = "<group>";
		};
		52306E092C1728E70014D243 /* LaunchScreen.storyboard */ = {
			isa = PBXVariantGroup;
			children = (
				52306E0A2C1728E70014D243 /* Base */,
			);
			name = LaunchScreen.storyboard;
			sourceTree = "<group>";
		};
/* End PBXVariantGroup section */

/* Begin XCBuildConfiguration section */
		52306E232C1728E80014D243 /* Debug */ = {
			isa = XCBuildConfiguration;
			buildSettings = {
				ALWAYS_SEARCH_USER_PATHS = NO;
				CLANG_ANALYZER_NONNULL = YES;
				CLANG_ANALYZER_NUMBER_OBJECT_CONVERSION = YES_AGGRESSIVE;
				CLANG_CXX_LANGUAGE_STANDARD = "gnu++20";
				CLANG_ENABLE_MODULES = YES;
				CLANG_ENABLE_OBJC_ARC = YES;
				CLANG_ENABLE_OBJC_WEAK = YES;
				CLANG_WARN_BLOCK_CAPTURE_AUTORELEASING = YES;
				CLANG_WARN_BOOL_CONVERSION = YES;
				CLANG_WARN_COMMA = YES;
				CLANG_WARN_CONSTANT_CONVERSION = YES;
				CLANG_WARN_DEPRECATED_OBJC_IMPLEMENTATIONS = YES;
				CLANG_WARN_DIRECT_OBJC_ISA_USAGE = YES_ERROR;
				CLANG_WARN_DOCUMENTATION_COMMENTS = YES;
				CLANG_WARN_EMPTY_BODY = YES;
				CLANG_WARN_ENUM_CONVERSION = YES;
				CLANG_WARN_INFINITE_RECURSION = YES;
				CLANG_WARN_INT_CONVERSION = YES;
				CLANG_WARN_NON_LITERAL_NULL_CONVERSION = YES;
				CLANG_WARN_OBJC_IMPLICIT_RETAIN_SELF = YES;
				CLANG_WARN_OBJC_LITERAL_CONVERSION = YES;
				CLANG_WARN_OBJC_ROOT_CLASS = YES_ERROR;
				CLANG_WARN_QUOTED_INCLUDE_IN_FRAMEWORK_HEADER = YES;
				CLANG_WARN_RANGE_LOOP_ANALYSIS = YES;
				CLANG_WARN_STRICT_PROTOTYPES = YES;
				CLANG_WARN_SUSPICIOUS_MOVE = YES;
				CLANG_WARN_UNGUARDED_AVAILABILITY = YES_AGGRESSIVE;
				CLANG_WARN_UNREACHABLE_CODE = YES;
				CLANG_WARN__DUPLICATE_METHOD_MATCH = YES;
				COPY_PHASE_STRIP = NO;
				DEBUG_INFORMATION_FORMAT = dwarf;
				ENABLE_STRICT_OBJC_MSGSEND = YES;
				ENABLE_TESTABILITY = YES;
				GCC_C_LANGUAGE_STANDARD = gnu11;
				GCC_DYNAMIC_NO_PIC = NO;
				GCC_NO_COMMON_BLOCKS = YES;
				GCC_OPTIMIZATION_LEVEL = 0;
				GCC_PREPROCESSOR_DEFINITIONS = (
					"DEBUG=1",
					"$(inherited)",
				);
				GCC_WARN_64_TO_32_BIT_CONVERSION = YES;
				GCC_WARN_ABOUT_RETURN_TYPE = YES_ERROR;
				GCC_WARN_UNDECLARED_SELECTOR = YES;
				GCC_WARN_UNINITIALIZED_AUTOS = YES_AGGRESSIVE;
				GCC_WARN_UNUSED_FUNCTION = YES;
				GCC_WARN_UNUSED_VARIABLE = YES;
				IPHONEOS_DEPLOYMENT_TARGET = 16.2;
				MTL_ENABLE_DEBUG_INFO = INCLUDE_SOURCE;
				MTL_FAST_MATH = YES;
				ONLY_ACTIVE_ARCH = YES;
				SDKROOT = iphoneos;
				SWIFT_ACTIVE_COMPILATION_CONDITIONS = DEBUG;
				SWIFT_OPTIMIZATION_LEVEL = "-Onone";
			};
			name = Debug;
		};
		52306E242C1728E80014D243 /* Release */ = {
			isa = XCBuildConfiguration;
			buildSettings = {
				ALWAYS_SEARCH_USER_PATHS = NO;
				CLANG_ANALYZER_NONNULL = YES;
				CLANG_ANALYZER_NUMBER_OBJECT_CONVERSION = YES_AGGRESSIVE;
				CLANG_CXX_LANGUAGE_STANDARD = "gnu++20";
				CLANG_ENABLE_MODULES = YES;
				CLANG_ENABLE_OBJC_ARC = YES;
				CLANG_ENABLE_OBJC_WEAK = YES;
				CLANG_WARN_BLOCK_CAPTURE_AUTORELEASING = YES;
				CLANG_WARN_BOOL_CONVERSION = YES;
				CLANG_WARN_COMMA = YES;
				CLANG_WARN_CONSTANT_CONVERSION = YES;
				CLANG_WARN_DEPRECATED_OBJC_IMPLEMENTATIONS = YES;
				CLANG_WARN_DIRECT_OBJC_ISA_USAGE = YES_ERROR;
				CLANG_WARN_DOCUMENTATION_COMMENTS = YES;
				CLANG_WARN_EMPTY_BODY = YES;
				CLANG_WARN_ENUM_CONVERSION = YES;
				CLANG_WARN_INFINITE_RECURSION = YES;
				CLANG_WARN_INT_CONVERSION = YES;
				CLANG_WARN_NON_LITERAL_NULL_CONVERSION = YES;
				CLANG_WARN_OBJC_IMPLICIT_RETAIN_SELF = YES;
				CLANG_WARN_OBJC_LITERAL_CONVERSION = YES;
				CLANG_WARN_OBJC_ROOT_CLASS = YES_ERROR;
				CLANG_WARN_QUOTED_INCLUDE_IN_FRAMEWORK_HEADER = YES;
				CLANG_WARN_RANGE_LOOP_ANALYSIS = YES;
				CLANG_WARN_STRICT_PROTOTYPES = YES;
				CLANG_WARN_SUSPICIOUS_MOVE = YES;
				CLANG_WARN_UNGUARDED_AVAILABILITY = YES_AGGRESSIVE;
				CLANG_WARN_UNREACHABLE_CODE = YES;
				CLANG_WARN__DUPLICATE_METHOD_MATCH = YES;
				COPY_PHASE_STRIP = NO;
				DEBUG_INFORMATION_FORMAT = "dwarf-with-dsym";
				ENABLE_NS_ASSERTIONS = NO;
				ENABLE_STRICT_OBJC_MSGSEND = YES;
				GCC_C_LANGUAGE_STANDARD = gnu11;
				GCC_NO_COMMON_BLOCKS = YES;
				GCC_WARN_64_TO_32_BIT_CONVERSION = YES;
				GCC_WARN_ABOUT_RETURN_TYPE = YES_ERROR;
				GCC_WARN_UNDECLARED_SELECTOR = YES;
				GCC_WARN_UNINITIALIZED_AUTOS = YES_AGGRESSIVE;
				GCC_WARN_UNUSED_FUNCTION = YES;
				GCC_WARN_UNUSED_VARIABLE = YES;
				IPHONEOS_DEPLOYMENT_TARGET = 16.2;
				MTL_ENABLE_DEBUG_INFO = NO;
				MTL_FAST_MATH = YES;
				SDKROOT = iphoneos;
				SWIFT_COMPILATION_MODE = wholemodule;
				SWIFT_OPTIMIZATION_LEVEL = "-O";
				VALIDATE_PRODUCT = YES;
			};
			name = Release;
		};
		52306E262C1728E80014D243 /* Debug */ = {
			isa = XCBuildConfiguration;
			buildSettings = {
				ASSETCATALOG_COMPILER_APPICON_NAME = AppIcon;
				ASSETCATALOG_COMPILER_GLOBAL_ACCENT_COLOR_NAME = AccentColor;
				CODE_SIGN_STYLE = Automatic;
				CURRENT_PROJECT_VERSION = 1;
				GENERATE_INFOPLIST_FILE = YES;
				INFOPLIST_FILE = NotesApp/Info.plist;
				INFOPLIST_KEY_UIApplicationSupportsIndirectInputEvents = YES;
				INFOPLIST_KEY_UILaunchStoryboardName = LaunchScreen;
				INFOPLIST_KEY_UIMainStoryboardFile = Main;
				INFOPLIST_KEY_UISupportedInterfaceOrientations_iPad = "UIInterfaceOrientationPortrait UIInterfaceOrientationPortraitUpsideDown UIInterfaceOrientationLandscapeLeft UIInterfaceOrientationLandscapeRight";
				INFOPLIST_KEY_UISupportedInterfaceOrientations_iPhone = "UIInterfaceOrientationPortrait UIInterfaceOrientationLandscapeLeft UIInterfaceOrientationLandscapeRight";
				LD_RUNPATH_SEARCH_PATHS = (
					"$(inherited)",
					"@executable_path/Frameworks",
				);
				MARKETING_VERSION = 1.0;
				PRODUCT_BUNDLE_IDENTIFIER = com.tjana17.NotesApp;
				PRODUCT_NAME = "$(TARGET_NAME)";
				SWIFT_EMIT_LOC_STRINGS = YES;
				SWIFT_VERSION = 5.0;
				TARGETED_DEVICE_FAMILY = "1,2";
			};
			name = Debug;
		};
		52306E272C1728E80014D243 /* Release */ = {
			isa = XCBuildConfiguration;
			buildSettings = {
				ASSETCATALOG_COMPILER_APPICON_NAME = AppIcon;
				ASSETCATALOG_COMPILER_GLOBAL_ACCENT_COLOR_NAME = AccentColor;
				CODE_SIGN_STYLE = Automatic;
				CURRENT_PROJECT_VERSION = 1;
				GENERATE_INFOPLIST_FILE = YES;
				INFOPLIST_FILE = NotesApp/Info.plist;
				INFOPLIST_KEY_UIApplicationSupportsIndirectInputEvents = YES;
				INFOPLIST_KEY_UILaunchStoryboardName = LaunchScreen;
				INFOPLIST_KEY_UIMainStoryboardFile = Main;
				INFOPLIST_KEY_UISupportedInterfaceOrientations_iPad = "UIInterfaceOrientationPortrait UIInterfaceOrientationPortraitUpsideDown UIInterfaceOrientationLandscapeLeft UIInterfaceOrientationLandscapeRight";
				INFOPLIST_KEY_UISupportedInterfaceOrientations_iPhone = "UIInterfaceOrientationPortrait UIInterfaceOrientationLandscapeLeft UIInterfaceOrientationLandscapeRight";
				LD_RUNPATH_SEARCH_PATHS = (
					"$(inherited)",
					"@executable_path/Frameworks",
				);
				MARKETING_VERSION = 1.0;
				PRODUCT_BUNDLE_IDENTIFIER = com.tjana17.NotesApp;
				PRODUCT_NAME = "$(TARGET_NAME)";
				SWIFT_EMIT_LOC_STRINGS = YES;
				SWIFT_VERSION = 5.0;
				TARGETED_DEVICE_FAMILY = "1,2";
			};
			name = Release;
		};
		52306E292C1728E80014D243 /* Debug */ = {
			isa = XCBuildConfiguration;
			buildSettings = {
				ALWAYS_EMBED_SWIFT_STANDARD_LIBRARIES = YES;
				BUNDLE_LOADER = "$(TEST_HOST)";
				CODE_SIGN_STYLE = Automatic;
				CURRENT_PROJECT_VERSION = 1;
				GENERATE_INFOPLIST_FILE = YES;
				IPHONEOS_DEPLOYMENT_TARGET = 16.2;
				MARKETING_VERSION = 1.0;
				PRODUCT_BUNDLE_IDENTIFIER = com.tjana17.NotesAppTests;
				PRODUCT_NAME = "$(TARGET_NAME)";
				SWIFT_EMIT_LOC_STRINGS = NO;
				SWIFT_VERSION = 5.0;
				TARGETED_DEVICE_FAMILY = "1,2";
				TEST_HOST = "$(BUILT_PRODUCTS_DIR)/NotesApp.app/$(BUNDLE_EXECUTABLE_FOLDER_PATH)/NotesApp";
			};
			name = Debug;
		};
		52306E2A2C1728E80014D243 /* Release */ = {
			isa = XCBuildConfiguration;
			buildSettings = {
				ALWAYS_EMBED_SWIFT_STANDARD_LIBRARIES = YES;
				BUNDLE_LOADER = "$(TEST_HOST)";
				CODE_SIGN_STYLE = Automatic;
				CURRENT_PROJECT_VERSION = 1;
				GENERATE_INFOPLIST_FILE = YES;
				IPHONEOS_DEPLOYMENT_TARGET = 16.2;
				MARKETING_VERSION = 1.0;
				PRODUCT_BUNDLE_IDENTIFIER = com.tjana17.NotesAppTests;
				PRODUCT_NAME = "$(TARGET_NAME)";
				SWIFT_EMIT_LOC_STRINGS = NO;
				SWIFT_VERSION = 5.0;
				TARGETED_DEVICE_FAMILY = "1,2";
				TEST_HOST = "$(BUILT_PRODUCTS_DIR)/NotesApp.app/$(BUNDLE_EXECUTABLE_FOLDER_PATH)/NotesApp";
			};
			name = Release;
		};
		52306E2C2C1728E80014D243 /* Debug */ = {
			isa = XCBuildConfiguration;
			buildSettings = {
				ALWAYS_EMBED_SWIFT_STANDARD_LIBRARIES = YES;
				CODE_SIGN_STYLE = Automatic;
				CURRENT_PROJECT_VERSION = 1;
				GENERATE_INFOPLIST_FILE = YES;
				MARKETING_VERSION = 1.0;
				PRODUCT_BUNDLE_IDENTIFIER = com.tjana17.NotesAppUITests;
				PRODUCT_NAME = "$(TARGET_NAME)";
				SWIFT_EMIT_LOC_STRINGS = NO;
				SWIFT_VERSION = 5.0;
				TARGETED_DEVICE_FAMILY = "1,2";
				TEST_TARGET_NAME = NotesApp;
			};
			name = Debug;
		};
		52306E2D2C1728E80014D243 /* Release */ = {
			isa = XCBuildConfiguration;
			buildSettings = {
				ALWAYS_EMBED_SWIFT_STANDARD_LIBRARIES = YES;
				CODE_SIGN_STYLE = Automatic;
				CURRENT_PROJECT_VERSION = 1;
				GENERATE_INFOPLIST_FILE = YES;
				MARKETING_VERSION = 1.0;
				PRODUCT_BUNDLE_IDENTIFIER = com.tjana17.NotesAppUITests;
				PRODUCT_NAME = "$(TARGET_NAME)";
				SWIFT_EMIT_LOC_STRINGS = NO;
				SWIFT_VERSION = 5.0;
				TARGETED_DEVICE_FAMILY = "1,2";
				TEST_TARGET_NAME = NotesApp;
			};
			name = Release;
		};
/* End XCBuildConfiguration section */

/* Begin XCConfigurationList section */
		52306DF62C1728DF0014D243 /* Build configuration list for PBXProject "NotesApp" */ = {
			isa = XCConfigurationList;
			buildConfigurations = (
				52306E232C1728E80014D243 /* Debug */,
				52306E242C1728E80014D243 /* Release */,
			);
			defaultConfigurationIsVisible = 0;
			defaultConfigurationName = Release;
		};
		52306E252C1728E80014D243 /* Build configuration list for PBXNativeTarget "NotesApp" */ = {
			isa = XCConfigurationList;
			buildConfigurations = (
				52306E262C1728E80014D243 /* Debug */,
				52306E272C1728E80014D243 /* Release */,
			);
			defaultConfigurationIsVisible = 0;
			defaultConfigurationName = Release;
		};
		52306E282C1728E80014D243 /* Build configuration list for PBXNativeTarget "NotesAppTests" */ = {
			isa = XCConfigurationList;
			buildConfigurations = (
				52306E292C1728E80014D243 /* Debug */,
				52306E2A2C1728E80014D243 /* Release */,
			);
			defaultConfigurationIsVisible = 0;
			defaultConfigurationName = Release;
		};
		52306E2B2C1728E80014D243 /* Build configuration list for PBXNativeTarget "NotesAppUITests" */ = {
			isa = XCConfigurationList;
			buildConfigurations = (
				52306E2C2C1728E80014D243 /* Debug */,
				52306E2D2C1728E80014D243 /* Release */,
			);
			defaultConfigurationIsVisible = 0;
			defaultConfigurationName = Release;
		};
/* End XCConfigurationList section */

/* Begin XCVersionGroup section */
		52C75B4E2C1B15F400A126F2 /* NotesApp.xcdatamodeld */ = {
			isa = XCVersionGroup;
			children = (
				52C75B4F2C1B15F400A126F2 /* NotesApp.xcdatamodel */,
			);
			currentVersion = 52C75B4F2C1B15F400A126F2 /* NotesApp.xcdatamodel */;
			path = NotesApp.xcdatamodeld;
			sourceTree = "<group>";
			versionGroupType = wrapper.xcdatamodel;
		};
/* End XCVersionGroup section */
	};
	rootObject = 52306DF32C1728DF0014D243 /* Project object */;
}
